
Microsoft Visual Studio Solution File, Format Version 12.00
# Visual Studio 14
VisualStudioVersion = 14.0.25123.0
MinimumVisualStudioVersion = 10.0.40219.1
Project("{5F5F172F-C9D2-40A0-B33F-FD44A30989C2}") = "Sitecore.Support.184559", "Sitecore.Support.184559\Sitecore.Support.184559.csproj", "{774BA682-84C1-40DE-9F35-ADCFA2409801}"
EndProject
Global
	GlobalSection(SolutionConfigurationPlatforms) = preSolution
		Debug|Any CPU = Debug|Any CPU
		Release|Any CPU = Release|Any CPU
	EndGlobalSection
	GlobalSection(ProjectConfigurationPlatforms) = postSolution
		{774BA682-84C1-40DE-9F35-ADCFA2409801}.Debug|Any CPU.ActiveCfg = Debug|Any CPU
		{774BA682-84C1-40DE-9F35-ADCFA2409801}.Debug|Any CPU.Build.0 = Debug|Any CPU
		{774BA682-84C1-40DE-9F35-ADCFA2409801}.Release|Any CPU.ActiveCfg = Release|Any CPU
		{774BA682-84C1-40DE-9F35-ADCFA2409801}.Release|Any CPU.Build.0 = Release|Any CPU
	EndGlobalSection
	GlobalSection(SolutionProperties) = preSolution
		HideSolutionNode = FALSE
	EndGlobalSection
EndGlobal
